{
  "version": 4,
  "terraform_version": "1.6.4",
  "serial": 39,
  "lineage": "7a0bb50e-51e3-1705-e9a0-13e2eb55f1df",
  "outputs": {
    "kubernetes_cluster_host": {
      "value": "34.163.133.76",
      "type": "string"
    },
    "kubernetes_cluster_name": {
      "value": "tuto-terraform-pvautier-gke",
      "type": "string"
    },
    "project_id": {
      "value": "tuto-terraform-pvautier",
      "type": "string"
    }
  },
  "resources": [
    {
      "mode": "managed",
      "type": "google_compute_network",
      "name": "myvpc",
      "provider": "provider[\"registry.terraform.io/hashicorp/google\"]",
      "instances": [
        {
          "schema_version": 0,
          "attributes": {
            "auto_create_subnetworks": false,
            "delete_default_routes_on_create": false,
            "description": "",
            "enable_ula_internal_ipv6": false,
            "gateway_ipv4": "",
            "id": "projects/tuto-terraform-pvautier/global/networks/tuto-terraform-pvautier-vpc",
            "internal_ipv6_range": "",
            "mtu": 0,
            "name": "tuto-terraform-pvautier-vpc",
            "network_firewall_policy_enforcement_order": "AFTER_CLASSIC_FIREWALL",
            "project": "tuto-terraform-pvautier",
            "routing_mode": "REGIONAL",
            "self_link": "https://www.googleapis.com/compute/v1/projects/tuto-terraform-pvautier/global/networks/tuto-terraform-pvautier-vpc",
            "timeouts": null
          },
          "sensitive_attributes": [],
          "private": "eyJlMmJmYjczMC1lY2FhLTExZTYtOGY4OC0zNDM2M2JjN2M0YzAiOnsiY3JlYXRlIjoxMjAwMDAwMDAwMDAwLCJkZWxldGUiOjEyMDAwMDAwMDAwMDAsInVwZGF0ZSI6MTIwMDAwMDAwMDAwMH19"
        }
      ]
    },
    {
      "mode": "managed",
      "type": "google_compute_subnetwork",
      "name": "mysubnet",
      "provider": "provider[\"registry.terraform.io/hashicorp/google\"]",
      "instances": [
        {
          "schema_version": 0,
          "attributes": {
            "creation_timestamp": "2023-11-27T04:38:05.492-08:00",
            "description": "",
            "external_ipv6_prefix": "",
            "fingerprint": null,
            "gateway_address": "10.11.0.1",
            "id": "projects/tuto-terraform-pvautier/regions/europe-west9/subnetworks/tuto-terraform-pvautier-subnet",
            "internal_ipv6_prefix": "",
            "ip_cidr_range": "10.11.0.0/24",
            "ipv6_access_type": "",
            "ipv6_cidr_range": "",
            "log_config": [],
            "name": "tuto-terraform-pvautier-subnet",
            "network": "https://www.googleapis.com/compute/v1/projects/tuto-terraform-pvautier/global/networks/tuto-terraform-pvautier-vpc",
            "private_ip_google_access": true,
            "private_ipv6_google_access": "DISABLE_GOOGLE_ACCESS",
            "project": "tuto-terraform-pvautier",
            "purpose": "PRIVATE",
            "region": "europe-west9",
            "role": "",
            "secondary_ip_range": [],
            "self_link": "https://www.googleapis.com/compute/v1/projects/tuto-terraform-pvautier/regions/europe-west9/subnetworks/tuto-terraform-pvautier-subnet",
            "stack_type": "IPV4_ONLY",
            "timeouts": null
          },
          "sensitive_attributes": [],
          "private": "eyJlMmJmYjczMC1lY2FhLTExZTYtOGY4OC0zNDM2M2JjN2M0YzAiOnsiY3JlYXRlIjoxMjAwMDAwMDAwMDAwLCJkZWxldGUiOjEyMDAwMDAwMDAwMDAsInVwZGF0ZSI6MTIwMDAwMDAwMDAwMH19",
          "dependencies": [
            "google_compute_network.myvpc"
          ]
        }
      ]
    },
    {
      "mode": "managed",
      "type": "google_compute_subnetwork",
      "name": "mysubnets",
      "provider": "provider[\"registry.terraform.io/hashicorp/google\"]",
      "instances": [
        {
          "index_key": "east",
          "schema_version": 0,
          "attributes": {
            "creation_timestamp": "2023-11-27T04:54:13.901-08:00",
            "description": "",
            "external_ipv6_prefix": "",
            "fingerprint": null,
            "gateway_address": "10.10.0.1",
            "id": "projects/tuto-terraform-pvautier/regions/europe-north1/subnetworks/tuto-terraform-pvautier-subnet-east",
            "internal_ipv6_prefix": "",
            "ip_cidr_range": "10.10.0.0/24",
            "ipv6_access_type": "",
            "ipv6_cidr_range": "",
            "log_config": [],
            "name": "tuto-terraform-pvautier-subnet-east",
            "network": "https://www.googleapis.com/compute/v1/projects/tuto-terraform-pvautier/global/networks/tuto-terraform-pvautier-vpc",
            "private_ip_google_access": false,
            "private_ipv6_google_access": "DISABLE_GOOGLE_ACCESS",
            "project": "tuto-terraform-pvautier",
            "purpose": "PRIVATE",
            "region": "europe-north1",
            "role": "",
            "secondary_ip_range": [],
            "self_link": "https://www.googleapis.com/compute/v1/projects/tuto-terraform-pvautier/regions/europe-north1/subnetworks/tuto-terraform-pvautier-subnet-east",
            "stack_type": "IPV4_ONLY",
            "timeouts": null
          },
          "sensitive_attributes": [],
          "private": "eyJlMmJmYjczMC1lY2FhLTExZTYtOGY4OC0zNDM2M2JjN2M0YzAiOnsiY3JlYXRlIjoxMjAwMDAwMDAwMDAwLCJkZWxldGUiOjEyMDAwMDAwMDAwMDAsInVwZGF0ZSI6MTIwMDAwMDAwMDAwMH19",
          "dependencies": [
            "google_compute_network.myvpc"
          ]
        },
        {
          "index_key": "west",
          "schema_version": 0,
          "attributes": {
            "creation_timestamp": "2023-11-27T04:54:12.376-08:00",
            "description": "",
            "external_ipv6_prefix": "",
            "fingerprint": null,
            "gateway_address": "10.9.0.1",
            "id": "projects/tuto-terraform-pvautier/regions/europe-west1/subnetworks/tuto-terraform-pvautier-subnet-west",
            "internal_ipv6_prefix": "",
            "ip_cidr_range": "10.9.0.0/24",
            "ipv6_access_type": "",
            "ipv6_cidr_range": "",
            "log_config": [],
            "name": "tuto-terraform-pvautier-subnet-west",
            "network": "https://www.googleapis.com/compute/v1/projects/tuto-terraform-pvautier/global/networks/tuto-terraform-pvautier-vpc",
            "private_ip_google_access": false,
            "private_ipv6_google_access": "DISABLE_GOOGLE_ACCESS",
            "project": "tuto-terraform-pvautier",
            "purpose": "PRIVATE",
            "region": "europe-west1",
            "role": "",
            "secondary_ip_range": [],
            "self_link": "https://www.googleapis.com/compute/v1/projects/tuto-terraform-pvautier/regions/europe-west1/subnetworks/tuto-terraform-pvautier-subnet-west",
            "stack_type": "IPV4_ONLY",
            "timeouts": null
          },
          "sensitive_attributes": [],
          "private": "eyJlMmJmYjczMC1lY2FhLTExZTYtOGY4OC0zNDM2M2JjN2M0YzAiOnsiY3JlYXRlIjoxMjAwMDAwMDAwMDAwLCJkZWxldGUiOjEyMDAwMDAwMDAwMDAsInVwZGF0ZSI6MTIwMDAwMDAwMDAwMH19",
          "dependencies": [
            "google_compute_network.myvpc"
          ]
        }
      ]
    },
    {
      "mode": "managed",
      "type": "google_container_cluster",
      "name": "mycluster",
      "provider": "provider[\"registry.terraform.io/hashicorp/google\"]",
      "instances": [
        {
          "schema_version": 2,
          "attributes": {
            "addons_config": [
              {
                "cloudrun_config": [],
                "config_connector_config": [],
                "dns_cache_config": [],
                "gce_persistent_disk_csi_driver_config": [
                  {
                    "enabled": true
                  }
                ],
                "gcp_filestore_csi_driver_config": [],
                "gcs_fuse_csi_driver_config": [],
                "gke_backup_agent_config": [],
                "horizontal_pod_autoscaling": [],
                "http_load_balancing": [],
                "network_policy_config": [
                  {
                    "disabled": true
                  }
                ]
              }
            ],
            "allow_net_admin": null,
            "authenticator_groups_config": [],
            "binary_authorization": [
              {
                "enabled": false,
                "evaluation_mode": ""
              }
            ],
            "cluster_autoscaling": [
              {
                "auto_provisioning_defaults": [],
                "enabled": false,
                "resource_limits": []
              }
            ],
            "cluster_ipv4_cidr": "10.156.0.0/14",
            "confidential_nodes": [],
            "cost_management_config": [],
            "database_encryption": [
              {
                "key_name": "",
                "state": "DECRYPTED"
              }
            ],
            "datapath_provider": "",
            "default_max_pods_per_node": 110,
            "default_snat_status": [
              {
                "disabled": false
              }
            ],
            "deletion_protection": true,
            "description": "",
            "dns_config": [],
            "enable_autopilot": false,
            "enable_intranode_visibility": false,
            "enable_k8s_beta_apis": [],
            "enable_kubernetes_alpha": false,
            "enable_l4_ilb_subsetting": false,
            "enable_legacy_abac": false,
            "enable_shielded_nodes": true,
            "enable_tpu": false,
            "endpoint": "34.163.133.76",
            "fleet": [],
            "gateway_api_config": [],
            "id": "projects/tuto-terraform-pvautier/locations/europe-west9/clusters/tuto-terraform-pvautier-gke",
            "identity_service_config": [],
            "initial_node_count": 1,
            "ip_allocation_policy": [
              {
                "additional_pod_ranges_config": [],
                "cluster_ipv4_cidr_block": "10.156.0.0/14",
                "cluster_secondary_range_name": "gke-tuto-terraform-pvautier-gke-pods-6f3220fd",
                "pod_cidr_overprovision_config": [
                  {
                    "disabled": false
                  }
                ],
                "services_ipv4_cidr_block": "10.160.0.0/20",
                "services_secondary_range_name": "gke-tuto-terraform-pvautier-gke-services-6f3220fd",
                "stack_type": "IPV4"
              }
            ],
            "label_fingerprint": "a9dc16a7",
            "location": "europe-west9",
            "logging_config": [
              {
                "enable_components": [
                  "SYSTEM_COMPONENTS",
                  "WORKLOADS"
                ]
              }
            ],
            "logging_service": "logging.googleapis.com/kubernetes",
            "maintenance_policy": [],
            "master_auth": [
              {
                "client_certificate": "",
                "client_certificate_config": [
                  {
                    "issue_client_certificate": false
                  }
                ],
                "client_key": "",
                "cluster_ca_certificate": "LS0tLS1CRUdJTiBDRVJUSUZJQ0FURS0tLS0tCk1JSUVMVENDQXBXZ0F3SUJBZ0lSQUw4TVpkUHFydytzR3dkRjU3NVB2VE13RFFZSktvWklodmNOQVFFTEJRQXcKTHpFdE1Dc0dBMVVFQXhNa1lUVTRNemd5WlRJdE5tRm1aQzAwTkdabExUa3lZMlF0WmpRNE56Tm1NamN6WlRVMQpNQ0FYRFRJek1URXlOekV4TlRreU5Wb1lEekl3TlRNeE1URTVNVEkxT1RJMVdqQXZNUzB3S3dZRFZRUURFeVJoCk5UZ3pPREpsTWkwMllXWmtMVFEwWm1VdE9USmpaQzFtTkRnM00yWXlOek5sTlRVd2dnR2lNQTBHQ1NxR1NJYjMKRFFFQkFRVUFBNElCandBd2dnR0tBb0lCZ1FDczdEMW5IYVFOeGNjbHZZaDlxbXY3UVZVVktOOGh5cDV1bUg3TApRdlNhQUdTdE5DRzhHMWR0WkcxaVYwcjA0RXBSc1c0dndVUEVoS1hCLzFYTjd2L0l4RzA0OXBGVFJoNXBQN0NBCkp2ajlIOG0vOW16blBrTEZkZnhSN3oyaUM4VDA3M2pKNFAyVUFZSUFyL2tKZDFaa052UlgvZDZXVUl4L1B6YjIKODlDM1ZzbHdBNlJBeEVweHFLNWx6ME1NSnA5anFGNVloU3JENlFMdk5sbFBibmVZYjNaQVFYcUxMNHpnR3gxSwo5elY1ZDJGdUt1TDRxZkN1RXB4ZkhQVHpKSjVOaDNockxocTI3TmFpdnF6YjRqVlNuNU02ZERrb3hLU2h0aE1GCnRYMW1ScERpOE5iTld5SnFzMTg1c0RMY0hVbWZmZW9kQ3AxVmR5TTRBOTM4QnVtcENKN0R3OVdXZ016U3VOQ0kKbjNTU2t6amIwODE3NFBmZlJXYVByV3RZMk1GVTd6SHRXWWVCZHA0WXB5K2lCRUxHZFpyVzlzR3R3RUZmbmg5Rwp0UllhYXpyYW1zWUxnY3lIb1IxUVp5cGxwUlZMd1FTdE1wUnFaK3JtT08xQ0txUHRZdFJRbXgrSnJpek5Ja1ljClFldzR2bVhMclFoSnNkMEF2UTJYbjY2YlJkc0NBd0VBQWFOQ01FQXdEZ1lEVlIwUEFRSC9CQVFEQWdJRU1BOEcKQTFVZEV3RUIvd1FGTUFNQkFmOHdIUVlEVlIwT0JCWUVGSS9Fa0J2L0EyZjZPVllFSEFUaGoyRTRsWGZpTUEwRwpDU3FHU0liM0RRRUJDd1VBQTRJQmdRQ1pPZGx6K0JkRUVSSTNKVU1SY0VjbnowVzBBRTloTXZvYzhvaXhaTi9UCnNwRDEzS1VlTmgzQUVoSFNTbVhxeG03dktWTVZNendlRFhNTjh6M2lmK2E1c3l4WlB6czJRc25DNGxPdkNhR2MKK3RKU3h6YzhxZit6UnovR2NTR2Npbi9FVmRCQmNGK3FyMnhmdUF5ZkkxWjdyUXhrL0ZuUkhwWWxUR05kSktuVApycUNVcWZ3UzArVzdPOGorU3IzRXNRRjRKQTlXdVMwYWxXVU9KOEt5dmd5ckZ2N3VLckV0alhjWG41QURVK0ZhCmZtL3NjQmFiQUxxczVaak9XcGRNZ1g1dU1oWnEzemVCbE43VTZ1MlBmeU5BeFpLd2VVSEJuSkJNNENBTWdHZXoKWW1LRkRtbzdVQWFzLzNwcGh5eU9PWVRpTVhnbDU0cEdzdmJyWndsZDVOYlFFZEhqemdkRGU1VFJqdThrYUNCagoyUTYwWXo4SExzb2RyM1lYblB3d0pZQm1zS2o2c1pkaHlGcXR3Si9hMlk0OTM4UHZwWmlSVmdWYkF1SjNQaG1kCjltaEU4VjVMeURkZjJIT1dVQzBXS01BbVRwT2NYV0xLdzlWT3d2ZHRpOGdPSERlZXllZGg0ZmdmQXdmZnRLSysKWWZiQys0OXRtaDlsbzV3cnJVdFlhaTA9Ci0tLS0tRU5EIENFUlRJRklDQVRFLS0tLS0K"
              }
            ],
            "master_authorized_networks_config": [],
            "master_version": "1.27.3-gke.100",
            "mesh_certificates": [],
            "min_master_version": null,
            "monitoring_config": [
              {
                "advanced_datapath_observability_config": [
                  {
                    "enable_metrics": false,
                    "relay_mode": ""
                  }
                ],
                "enable_components": [
                  "SYSTEM_COMPONENTS"
                ],
                "managed_prometheus": [
                  {
                    "enabled": true
                  }
                ]
              }
            ],
            "monitoring_service": "monitoring.googleapis.com/kubernetes",
            "name": "tuto-terraform-pvautier-gke",
            "network": "projects/tuto-terraform-pvautier/global/networks/tuto-terraform-pvautier-vpc",
            "network_policy": [
              {
                "enabled": false,
                "provider": "PROVIDER_UNSPECIFIED"
              }
            ],
            "networking_mode": "VPC_NATIVE",
            "node_config": [
              {
                "advanced_machine_features": [],
                "boot_disk_kms_key": "",
                "confidential_nodes": [],
                "disk_size_gb": 100,
                "disk_type": "pd-balanced",
                "effective_taints": [],
                "ephemeral_storage_local_ssd_config": [],
                "fast_socket": [],
                "gcfs_config": [],
                "guest_accelerator": [],
                "gvnic": [],
                "host_maintenance_policy": [],
                "image_type": "COS_CONTAINERD",
                "kubelet_config": [],
                "labels": {},
                "linux_node_config": [],
                "local_nvme_ssd_block_config": [],
                "local_ssd_count": 0,
                "logging_variant": "DEFAULT",
                "machine_type": "e2-medium",
                "metadata": {
                  "disable-legacy-endpoints": "true"
                },
                "min_cpu_platform": "",
                "node_group": "",
                "oauth_scopes": [
                  "https://www.googleapis.com/auth/devstorage.read_only",
                  "https://www.googleapis.com/auth/logging.write",
                  "https://www.googleapis.com/auth/monitoring",
                  "https://www.googleapis.com/auth/service.management.readonly",
                  "https://www.googleapis.com/auth/servicecontrol",
                  "https://www.googleapis.com/auth/trace.append"
                ],
                "preemptible": false,
                "reservation_affinity": [],
                "resource_labels": {},
                "service_account": "default",
                "shielded_instance_config": [
                  {
                    "enable_integrity_monitoring": true,
                    "enable_secure_boot": false
                  }
                ],
                "sole_tenant_config": [],
                "spot": false,
                "tags": [],
                "taint": [],
                "workload_metadata_config": []
              }
            ],
            "node_locations": [
              "europe-west9-a",
              "europe-west9-b",
              "europe-west9-c"
            ],
            "node_pool": [
              {
                "autoscaling": [],
                "initial_node_count": 1,
                "instance_group_urls": [
                  "https://www.googleapis.com/compute/v1/projects/tuto-terraform-pvautier/zones/europe-west9-b/instanceGroupManagers/gke-tuto-terraform-pvaut-default-pool-a6af3b80-grp",
                  "https://www.googleapis.com/compute/v1/projects/tuto-terraform-pvautier/zones/europe-west9-a/instanceGroupManagers/gke-tuto-terraform-pvaut-default-pool-1f5963b6-grp",
                  "https://www.googleapis.com/compute/v1/projects/tuto-terraform-pvautier/zones/europe-west9-c/instanceGroupManagers/gke-tuto-terraform-pvaut-default-pool-b2ffcd79-grp"
                ],
                "managed_instance_group_urls": [
                  "https://www.googleapis.com/compute/v1/projects/tuto-terraform-pvautier/zones/europe-west9-b/instanceGroups/gke-tuto-terraform-pvaut-default-pool-a6af3b80-grp",
                  "https://www.googleapis.com/compute/v1/projects/tuto-terraform-pvautier/zones/europe-west9-a/instanceGroups/gke-tuto-terraform-pvaut-default-pool-1f5963b6-grp",
                  "https://www.googleapis.com/compute/v1/projects/tuto-terraform-pvautier/zones/europe-west9-c/instanceGroups/gke-tuto-terraform-pvaut-default-pool-b2ffcd79-grp"
                ],
                "management": [
                  {
                    "auto_repair": true,
                    "auto_upgrade": true
                  }
                ],
                "max_pods_per_node": 110,
                "name": "default-pool",
                "name_prefix": "",
                "network_config": [
                  {
                    "create_pod_range": false,
                    "enable_private_nodes": false,
                    "pod_cidr_overprovision_config": [],
                    "pod_ipv4_cidr_block": "10.156.0.0/14",
                    "pod_range": "gke-tuto-terraform-pvautier-gke-pods-6f3220fd"
                  }
                ],
                "node_config": [
                  {
                    "advanced_machine_features": [],
                    "boot_disk_kms_key": "",
                    "confidential_nodes": [],
                    "disk_size_gb": 100,
                    "disk_type": "pd-balanced",
                    "effective_taints": [],
                    "ephemeral_storage_local_ssd_config": [],
                    "fast_socket": [],
                    "gcfs_config": [],
                    "guest_accelerator": [],
                    "gvnic": [],
                    "host_maintenance_policy": [],
                    "image_type": "COS_CONTAINERD",
                    "kubelet_config": [],
                    "labels": {},
                    "linux_node_config": [],
                    "local_nvme_ssd_block_config": [],
                    "local_ssd_count": 0,
                    "logging_variant": "DEFAULT",
                    "machine_type": "e2-medium",
                    "metadata": {
                      "disable-legacy-endpoints": "true"
                    },
                    "min_cpu_platform": "",
                    "node_group": "",
                    "oauth_scopes": [
                      "https://www.googleapis.com/auth/devstorage.read_only",
                      "https://www.googleapis.com/auth/logging.write",
                      "https://www.googleapis.com/auth/monitoring",
                      "https://www.googleapis.com/auth/service.management.readonly",
                      "https://www.googleapis.com/auth/servicecontrol",
                      "https://www.googleapis.com/auth/trace.append"
                    ],
                    "preemptible": false,
                    "reservation_affinity": [],
                    "resource_labels": {},
                    "service_account": "default",
                    "shielded_instance_config": [
                      {
                        "enable_integrity_monitoring": true,
                        "enable_secure_boot": false
                      }
                    ],
                    "sole_tenant_config": [],
                    "spot": false,
                    "tags": [],
                    "taint": [],
                    "workload_metadata_config": []
                  }
                ],
                "node_count": 1,
                "node_locations": [
                  "europe-west9-a",
                  "europe-west9-b",
                  "europe-west9-c"
                ],
                "placement_policy": [],
                "upgrade_settings": [
                  {
                    "blue_green_settings": [],
                    "max_surge": 1,
                    "max_unavailable": 0,
                    "strategy": "SURGE"
                  }
                ],
                "version": "1.27.3-gke.100"
              }
            ],
            "node_pool_auto_config": [],
            "node_pool_defaults": [
              {
                "node_config_defaults": [
                  {
                    "logging_variant": "DEFAULT"
                  }
                ]
              }
            ],
            "node_version": "1.27.3-gke.100",
            "notification_config": [
              {
                "pubsub": [
                  {
                    "enabled": false,
                    "filter": [],
                    "topic": ""
                  }
                ]
              }
            ],
            "operation": null,
            "private_cluster_config": [
              {
                "enable_private_endpoint": false,
                "enable_private_nodes": false,
                "master_global_access_config": [
                  {
                    "enabled": false
                  }
                ],
                "master_ipv4_cidr_block": "",
                "peering_name": "",
                "private_endpoint": "10.11.0.6",
                "private_endpoint_subnetwork": "",
                "public_endpoint": "34.163.133.76"
              }
            ],
            "private_ipv6_google_access": "",
            "project": "tuto-terraform-pvautier",
            "release_channel": [
              {
                "channel": "REGULAR"
              }
            ],
            "remove_default_node_pool": false,
            "resource_labels": null,
            "resource_usage_export_config": [],
            "security_posture_config": [
              {
                "mode": "BASIC",
                "vulnerability_mode": "VULNERABILITY_MODE_UNSPECIFIED"
              }
            ],
            "self_link": "https://container.googleapis.com/v1/projects/tuto-terraform-pvautier/locations/europe-west9/clusters/tuto-terraform-pvautier-gke",
            "service_external_ips_config": [
              {
                "enabled": false
              }
            ],
            "services_ipv4_cidr": "10.160.0.0/20",
            "subnetwork": "projects/tuto-terraform-pvautier/regions/europe-west9/subnetworks/tuto-terraform-pvautier-subnet",
            "timeouts": null,
            "tpu_ipv4_cidr_block": "",
            "vertical_pod_autoscaling": [],
            "workload_identity_config": []
          },
          "sensitive_attributes": [],
          "private": "eyJlMmJmYjczMC1lY2FhLTExZTYtOGY4OC0zNDM2M2JjN2M0YzAiOnsiY3JlYXRlIjoyNDAwMDAwMDAwMDAwLCJkZWxldGUiOjI0MDAwMDAwMDAwMDAsInJlYWQiOjI0MDAwMDAwMDAwMDAsInVwZGF0ZSI6MzYwMDAwMDAwMDAwMH0sInNjaGVtYV92ZXJzaW9uIjoiMiJ9",
          "dependencies": [
            "google_compute_network.myvpc",
            "google_compute_subnetwork.mysubnet"
          ]
        }
      ]
    }
  ],
  "check_results": null
}
